{
  "version": 4,
  "terraform_version": "1.3.3",
  "serial": 89,
  "lineage": "8b3901d7-fd1f-b8d7-2cd1-0e7c9affc1c0",
  "outputs": {
    "instance_dns": {
      "value": "ec2-3-25-129-85.ap-southeast-2.compute.amazonaws.com",
      "type": "string"
    },
    "instance_id": {
      "value": "i-05519b4151279604c",
      "type": "string"
    }
  },
  "resources": [
    {
      "mode": "managed",
      "type": "aws_budgets_budget",
      "name": "ec2",
      "provider": "provider[\"registry.terraform.io/hashicorp/aws\"]",
      "instances": [
        {
          "schema_version": 0,
          "attributes": {
            "account_id": "402559046161",
            "arn": "arn:aws:budgets::402559046161:budget/budget-ec2-monthly",
            "budget_type": "COST",
            "cost_filter": [
              {
                "name": "Service",
                "values": [
                  "Amazon Elastic Compute Cloud - Compute"
                ]
              }
            ],
            "cost_filters": {
              "Service": "Amazon Elastic Compute Cloud - Compute"
            },
            "cost_types": [
              {
                "include_credit": true,
                "include_discount": true,
                "include_other_subscription": true,
                "include_recurring": true,
                "include_refund": true,
                "include_subscription": true,
                "include_support": true,
                "include_tax": true,
                "include_upfront": true,
                "use_amortized": false,
                "use_blended": false
              }
            ],
            "id": "402559046161:budget-ec2-monthly",
            "limit_amount": "5.0",
            "limit_unit": "USD",
            "name": "budget-ec2-monthly",
            "name_prefix": "",
            "notification": [
              {
                "comparison_operator": "GREATER_THAN",
                "notification_type": "FORECASTED",
                "subscriber_email_addresses": [
                  "pedro.papadopolis@gmail.com"
                ],
                "subscriber_sns_topic_arns": [],
                "threshold": 100,
                "threshold_type": "PERCENTAGE"
              }
            ],
            "time_period_end": "2087-06-15_00:00",
            "time_period_start": "2022-10-01_00:00",
            "time_unit": "MONTHLY"
          },
          "sensitive_attributes": [],
          "private": "bnVsbA=="
        }
      ]
    },
    {
      "mode": "managed",
      "type": "aws_instance",
      "name": "ec2",
      "provider": "provider[\"registry.terraform.io/hashicorp/aws\"]",
      "instances": [
        {
          "schema_version": 1,
          "attributes": {
            "ami": "ami-02a66f06b3557a897",
            "arn": "arn:aws:ec2:ap-southeast-2:402559046161:instance/i-05519b4151279604c",
            "associate_public_ip_address": true,
            "availability_zone": "ap-southeast-2a",
            "capacity_reservation_specification": [
              {
                "capacity_reservation_preference": "open",
                "capacity_reservation_target": []
              }
            ],
            "cpu_core_count": 1,
            "cpu_threads_per_core": 1,
            "credit_specification": [
              {
                "cpu_credits": "standard"
              }
            ],
            "disable_api_stop": false,
            "disable_api_termination": false,
            "ebs_block_device": [],
            "ebs_optimized": false,
            "enclave_options": [
              {
                "enabled": false
              }
            ],
            "ephemeral_block_device": [],
            "get_password_data": false,
            "hibernation": false,
            "host_id": null,
            "host_resource_group_arn": null,
            "iam_instance_profile": "",
            "id": "i-05519b4151279604c",
            "instance_initiated_shutdown_behavior": "stop",
            "instance_state": "running",
            "instance_type": "t2.micro",
            "ipv6_address_count": 0,
            "ipv6_addresses": [],
            "key_name": "instancekey",
            "launch_template": [],
            "maintenance_options": [
              {
                "auto_recovery": "default"
              }
            ],
            "metadata_options": [
              {
                "http_endpoint": "enabled",
                "http_put_response_hop_limit": 1,
                "http_tokens": "optional",
                "instance_metadata_tags": "disabled"
              }
            ],
            "monitoring": false,
            "network_interface": [],
            "outpost_arn": "",
            "password_data": "",
            "placement_group": "",
            "placement_partition_number": null,
            "primary_network_interface_id": "eni-06268a7cf64c94b9f",
            "private_dns": "ip-172-31-38-240.ap-southeast-2.compute.internal",
            "private_dns_name_options": [
              {
                "enable_resource_name_dns_a_record": false,
                "enable_resource_name_dns_aaaa_record": false,
                "hostname_type": "ip-name"
              }
            ],
            "private_ip": "172.31.38.240",
            "public_dns": "ec2-13-211-233-114.ap-southeast-2.compute.amazonaws.com",
            "public_ip": "13.211.233.114",
            "root_block_device": [
              {
                "delete_on_termination": true,
                "device_name": "/dev/xvda",
                "encrypted": false,
                "iops": 100,
                "kms_key_id": "",
                "tags": {},
                "throughput": 0,
                "volume_id": "vol-02338dd00f877397b",
                "volume_size": 8,
                "volume_type": "gp2"
              }
            ],
            "secondary_private_ips": [],
            "security_groups": [
              "security_group"
            ],
            "source_dest_check": true,
            "subnet_id": "subnet-06813a44e654ef0a6",
            "tags": {
              "Name": "brzchatbot"
            },
            "tags_all": {
              "Name": "brzchatbot"
            },
            "tenancy": "default",
            "timeouts": null,
            "user_data": "50e014ce6caac99a37bccf5c9e2704eee809c8f3",
            "user_data_base64": null,
            "user_data_replace_on_change": false,
            "volume_tags": null,
            "vpc_security_group_ids": [
              "sg-081d08436a99d74af"
            ]
          },
          "sensitive_attributes": [],
          "private": "eyJlMmJmYjczMC1lY2FhLTExZTYtOGY4OC0zNDM2M2JjN2M0YzAiOnsiY3JlYXRlIjo2MDAwMDAwMDAwMDAsImRlbGV0ZSI6MTIwMDAwMDAwMDAwMCwidXBkYXRlIjo2MDAwMDAwMDAwMDB9LCJzY2hlbWFfdmVyc2lvbiI6IjEifQ==",
          "dependencies": [
            "aws_key_pair.instancekey",
            "aws_security_group.security_group"
          ]
        }
      ]
    },
    {
      "mode": "managed",
      "type": "aws_key_pair",
      "name": "instancekey",
      "provider": "provider[\"registry.terraform.io/hashicorp/aws\"]",
      "instances": [
        {
          "schema_version": 1,
          "attributes": {
            "arn": "arn:aws:ec2:ap-southeast-2:402559046161:key-pair/instancekey",
            "fingerprint": "ce:01:e0:ea:e2:5d:92:3f:96:9b:3a:65:4d:73:5d:2b",
            "id": "instancekey",
            "key_name": "instancekey",
            "key_name_prefix": "",
            "key_pair_id": "key-090dc2edfebfcfce4",
            "key_type": "rsa",
            "public_key": "ssh-rsa AAAAB3NzaC1yc2EAAAADAQABAAABgQDLCAXy8amp1UnhSBe21NTFqiQ9S7Wh/RIMXRq+mNDSmNphDcQm/HGtRu1YV/BD6dAWagk7Mk57OymNunRR9xuZAf4qXX4fhsNJJh6jFwdEPot5st+LnYH+08I5OdbL/4YLjB1pwTKREMmZjMvuPs2ZbmkTCDvzhrWoQwwryIQReNufgO8bXklooPSj3Gio40oBf/3bSe0vbJmbBIWrkLzMYTBwlfAS8nq4b4WoL8xq9Kz1ontIOrF0X05YP6RM/DSxZnzep1eUQxNj4varqlpOQ7cLKm3JsC688Kb7Tf6rCFHMQicyvNnVSEDiHasoaWXT7ZiXY4sL2vSHFRC0SeDpp0ZU7oBGdxzHfZr3UIM382E4fwvc2xNQtQYoAk9HA9NK8IpgM/94559o6d1sloW4ODqqE87sinyE4F7AtClmh16ZPKr0Y58NLAZIwyFa4Lpdn2HicFmHdJijTTfuLsiz0RtdinHuE4ebSkFTEzXscBAP7MY2imEleW7XTn82aXs= pedropapadopolis@wod.local",
            "tags": {
              "Name": "brzchatbot"
            },
            "tags_all": {
              "Name": "brzchatbot"
            }
          },
          "sensitive_attributes": [],
          "private": "eyJzY2hlbWFfdmVyc2lvbiI6IjEifQ=="
        }
      ]
    },
    {
      "mode": "managed",
      "type": "aws_security_group",
      "name": "security_group",
      "provider": "provider[\"registry.terraform.io/hashicorp/aws\"]",
      "instances": [
        {
          "schema_version": 1,
          "attributes": {
            "arn": "arn:aws:ec2:ap-southeast-2:402559046161:security-group/sg-081d08436a99d74af",
            "description": "Security group for the instance",
            "egress": [
              {
                "cidr_blocks": [
                  "0.0.0.0/0"
                ],
                "description": "",
                "from_port": 3000,
                "ipv6_cidr_blocks": [],
                "prefix_list_ids": [],
                "protocol": "tcp",
                "security_groups": [],
                "self": false,
                "to_port": 3000
              },
              {
                "cidr_blocks": [
                  "0.0.0.0/0"
                ],
                "description": "",
                "from_port": 3306,
                "ipv6_cidr_blocks": [],
                "prefix_list_ids": [],
                "protocol": "tcp",
                "security_groups": [],
                "self": false,
                "to_port": 3306
              },
              {
                "cidr_blocks": [
                  "0.0.0.0/0"
                ],
                "description": "",
                "from_port": 443,
                "ipv6_cidr_blocks": [],
                "prefix_list_ids": [],
                "protocol": "tcp",
                "security_groups": [],
                "self": false,
                "to_port": 443
              },
              {
                "cidr_blocks": [
                  "0.0.0.0/0"
                ],
                "description": "",
                "from_port": 80,
                "ipv6_cidr_blocks": [],
                "prefix_list_ids": [],
                "protocol": "tcp",
                "security_groups": [],
                "self": false,
                "to_port": 80
              }
            ],
            "id": "sg-081d08436a99d74af",
            "ingress": [
              {
                "cidr_blocks": [
                  "0.0.0.0/0"
                ],
                "description": "",
                "from_port": 22,
                "ipv6_cidr_blocks": [],
                "prefix_list_ids": [],
                "protocol": "tcp",
                "security_groups": [],
                "self": false,
                "to_port": 22
              },
              {
                "cidr_blocks": [
                  "0.0.0.0/0"
                ],
                "description": "",
                "from_port": 3000,
                "ipv6_cidr_blocks": [],
                "prefix_list_ids": [],
                "protocol": "tcp",
                "security_groups": [],
                "self": false,
                "to_port": 3000
              }
            ],
            "name": "security_group",
            "name_prefix": "",
            "owner_id": "402559046161",
            "revoke_rules_on_delete": false,
            "tags": {},
            "tags_all": {},
            "timeouts": null,
            "vpc_id": "vpc-08bc29a0c7d15a925"
          },
          "sensitive_attributes": [],
          "private": "eyJlMmJmYjczMC1lY2FhLTExZTYtOGY4OC0zNDM2M2JjN2M0YzAiOnsiY3JlYXRlIjo2MDAwMDAwMDAwMDAsImRlbGV0ZSI6OTAwMDAwMDAwMDAwfSwic2NoZW1hX3ZlcnNpb24iOiIxIn0="
        }
      ]
    }
  ],
  "check_results": []
}
